
Microsoft Visual Studio Solution File, Format Version 12.00
# Visual Studio 15
VisualStudioVersion = 15.0.28307.1062
MinimumVisualStudioVersion = 10.0.40219.1
Project("{FAE04EC0-301F-11D3-BF4B-00C04F79EFBC}") = "UniversalFavsExporter", "UniversalFavsExporter\UniversalFavsExporter.csproj", "{3828BDA0-0525-439D-B0EC-34FFA58130BF}"
EndProject
Global
	GlobalSection(SolutionConfigurationPlatforms) = preSolution
		Debug|Any CPU = Debug|Any CPU
		Release|Any CPU = Release|Any CPU
	EndGlobalSection
	GlobalSection(ProjectConfigurationPlatforms) = postSolution
		{3828BDA0-0525-439D-B0EC-34FFA58130BF}.Debug|Any CPU.ActiveCfg = Debug|Any CPU
		{3828BDA0-0525-439D-B0EC-34FFA58130BF}.Debug|Any CPU.Build.0 = Debug|Any CPU
		{3828BDA0-0525-439D-B0EC-34FFA58130BF}.Release|Any CPU.ActiveCfg = Release|Any CPU
		{3828BDA0-0525-439D-B0EC-34FFA58130BF}.Release|Any CPU.Build.0 = Release|Any CPU
	EndGlobalSection
	GlobalSection(SolutionProperties) = preSolution
		HideSolutionNode = FALSE
	EndGlobalSection
	GlobalSection(ExtensibilityGlobals) = postSolution
		SolutionGuid = {D3BA3258-45FA-4E36-AE07-9F8F9B4884D7}
	EndGlobalSection
EndGlobal
